<?xml version="1.0" encoding="utf-8"?>
<Project ToolsVersion="4.0" xmlns="http://schemas.microsoft.com/developer/msbuild/2003">
  <ItemGroup>
    <Filter Include="src">
      <UniqueIdentifier>{8f6258da-84c5-46e1-94d3-5d9299b3262c}</UniqueIdentifier>
    </Filter>
  </ItemGroup>
  <ItemGroup>
    <ClCompile Include="libsbinder.cpp">
      <Filter>src</Filter>
    </ClCompile>
  </ItemGroup>
</Project>